
Microsoft Visual Studio Solution File, Format Version 12.00
# Visual Studio Version 17
VisualStudioVersion = 17.2.32616.157
MinimumVisualStudioVersion = 10.0.40219.1
Project("{9A19103F-16F7-4668-BE54-9A1E7A4F7556}") = "Minimal.Api", "Minimal.Api\Minimal.Api.csproj", "{DBFD5B5B-C206-4162-A6F8-41B15E2E73BE}"
EndProject
Project("{00D1A9C2-B5F0-4AF3-8072-F6C62B433612}") = "MinimalApiDb", "MinimalApiDb\MinimalApiDb.sqlproj", "{D4BF2EE6-BB50-44F1-9ED3-21DB80515C60}"
EndProject
Global
	GlobalSection(SolutionConfigurationPlatforms) = preSolution
		Debug|Any CPU = Debug|Any CPU
		Release|Any CPU = Release|Any CPU
	EndGlobalSection
	GlobalSection(ProjectConfigurationPlatforms) = postSolution
		{DBFD5B5B-C206-4162-A6F8-41B15E2E73BE}.Debug|Any CPU.ActiveCfg = Debug|Any CPU
		{DBFD5B5B-C206-4162-A6F8-41B15E2E73BE}.Debug|Any CPU.Build.0 = Debug|Any CPU
		{DBFD5B5B-C206-4162-A6F8-41B15E2E73BE}.Release|Any CPU.ActiveCfg = Release|Any CPU
		{DBFD5B5B-C206-4162-A6F8-41B15E2E73BE}.Release|Any CPU.Build.0 = Release|Any CPU
		{D4BF2EE6-BB50-44F1-9ED3-21DB80515C60}.Debug|Any CPU.ActiveCfg = Debug|Any CPU
		{D4BF2EE6-BB50-44F1-9ED3-21DB80515C60}.Debug|Any CPU.Build.0 = Debug|Any CPU
		{D4BF2EE6-BB50-44F1-9ED3-21DB80515C60}.Debug|Any CPU.Deploy.0 = Debug|Any CPU
		{D4BF2EE6-BB50-44F1-9ED3-21DB80515C60}.Release|Any CPU.ActiveCfg = Release|Any CPU
		{D4BF2EE6-BB50-44F1-9ED3-21DB80515C60}.Release|Any CPU.Build.0 = Release|Any CPU
		{D4BF2EE6-BB50-44F1-9ED3-21DB80515C60}.Release|Any CPU.Deploy.0 = Release|Any CPU
	EndGlobalSection
	GlobalSection(SolutionProperties) = preSolution
		HideSolutionNode = FALSE
	EndGlobalSection
	GlobalSection(ExtensibilityGlobals) = postSolution
		SolutionGuid = {6BD01072-5598-4BEA-BB4A-725321503DC0}
	EndGlobalSection
EndGlobal
